// !$*UTF8*$!
{
	archiveVersion = 1;
	classes = {
	};
	objectVersion = 56;
	objects = {

/* Begin PBXBuildFile section */
		BB599CFA2BD622C200E850C0 /* assignment3App.swift in Sources */ = {isa = PBXBuildFile; fileRef = BB599CF92BD622C200E850C0 /* assignment3App.swift */; };
		BB599CFC2BD622C200E850C0 /* ContentView.swift in Sources */ = {isa = PBXBuildFile; fileRef = BB599CFB2BD622C200E850C0 /* ContentView.swift */; };
		BB599CFE2BD622C600E850C0 /* Assets.xcassets in Resources */ = {isa = PBXBuildFile; fileRef = BB599CFD2BD622C600E850C0 /* Assets.xcassets */; };
		BB599D012BD622C600E850C0 /* Preview Assets.xcassets in Resources */ = {isa = PBXBuildFile; fileRef = BB599D002BD622C600E850C0 /* Preview Assets.xcassets */; };
		BB871F272BDF551C0042FCDB /* MealLogView.swift in Sources */ = {isa = PBXBuildFile; fileRef = BB871F262BDF551C0042FCDB /* MealLogView.swift */; };
		BB871F292BDF554C0042FCDB /* MedicationLogView.swift in Sources */ = {isa = PBXBuildFile; fileRef = BB871F282BDF554B0042FCDB /* MedicationLogView.swift */; };
		BB871F2B2BDF557E0042FCDB /* UserViewModel.swift in Sources */ = {isa = PBXBuildFile; fileRef = BB871F2A2BDF557E0042FCDB /* UserViewModel.swift */; };
		BB871F2D2BDF55A40042FCDB /* MealViewModel.swift in Sources */ = {isa = PBXBuildFile; fileRef = BB871F2C2BDF55A40042FCDB /* MealViewModel.swift */; };
		BB871F2F2BDF55B00042FCDB /* MedicationViewModel.swift in Sources */ = {isa = PBXBuildFile; fileRef = BB871F2E2BDF55B00042FCDB /* MedicationViewModel.swift */; };
		BB871F312BDF55DB0042FCDB /* UserModel.swift in Sources */ = {isa = PBXBuildFile; fileRef = BB871F302BDF55DB0042FCDB /* UserModel.swift */; };
		BB871F332BDF55E60042FCDB /* MealModel.swift in Sources */ = {isa = PBXBuildFile; fileRef = BB871F322BDF55E60042FCDB /* MealModel.swift */; };
		BB871F352BDF55F40042FCDB /* MedicationModel.swift in Sources */ = {isa = PBXBuildFile; fileRef = BB871F342BDF55F40042FCDB /* MedicationModel.swift */; };
/* End PBXBuildFile section */

/* Begin PBXFileReference section */
		BB599CF62BD622C200E850C0 /* assignment3.app */ = {isa = PBXFileReference; explicitFileType = wrapper.application; includeInIndex = 0; path = assignment3.app; sourceTree = BUILT_PRODUCTS_DIR; };
		BB599CF92BD622C200E850C0 /* assignment3App.swift */ = {isa = PBXFileReference; lastKnownFileType = sourcecode.swift; path = assignment3App.swift; sourceTree = "<group>"; };
		BB599CFB2BD622C200E850C0 /* ContentView.swift */ = {isa = PBXFileReference; lastKnownFileType = sourcecode.swift; path = ContentView.swift; sourceTree = "<group>"; };
		BB599CFD2BD622C600E850C0 /* Assets.xcassets */ = {isa = PBXFileReference; lastKnownFileType = folder.assetcatalog; path = Assets.xcassets; sourceTree = "<group>"; };
		BB599D002BD622C600E850C0 /* Preview Assets.xcassets */ = {isa = PBXFileReference; lastKnownFileType = folder.assetcatalog; path = "Preview Assets.xcassets"; sourceTree = "<group>"; };
		BB871F262BDF551C0042FCDB /* MealLogView.swift */ = {isa = PBXFileReference; lastKnownFileType = sourcecode.swift; name = MealLogView.swift; path = assignment3/MealLogView.swift; sourceTree = SOURCE_ROOT; };
		BB871F282BDF554B0042FCDB /* MedicationLogView.swift */ = {isa = PBXFileReference; lastKnownFileType = sourcecode.swift; path = MedicationLogView.swift; sourceTree = "<group>"; };
		BB871F2A2BDF557E0042FCDB /* UserViewModel.swift */ = {isa = PBXFileReference; lastKnownFileType = sourcecode.swift; path = UserViewModel.swift; sourceTree = "<group>"; };
		BB871F2C2BDF55A40042FCDB /* MealViewModel.swift */ = {isa = PBXFileReference; lastKnownFileType = sourcecode.swift; path = MealViewModel.swift; sourceTree = "<group>"; };
		BB871F2E2BDF55B00042FCDB /* MedicationViewModel.swift */ = {isa = PBXFileReference; lastKnownFileType = sourcecode.swift; path = MedicationViewModel.swift; sourceTree = "<group>"; };
		BB871F302BDF55DB0042FCDB /* UserModel.swift */ = {isa = PBXFileReference; lastKnownFileType = sourcecode.swift; path = UserModel.swift; sourceTree = "<group>"; };
		BB871F322BDF55E60042FCDB /* MealModel.swift */ = {isa = PBXFileReference; lastKnownFileType = sourcecode.swift; path = MealModel.swift; sourceTree = "<group>"; };
		BB871F342BDF55F40042FCDB /* MedicationModel.swift */ = {isa = PBXFileReference; lastKnownFileType = sourcecode.swift; path = MedicationModel.swift; sourceTree = "<group>"; };
/* End PBXFileReference section */

/* Begin PBXFrameworksBuildPhase section */
		BB599CF32BD622C200E850C0 /* Frameworks */ = {
			isa = PBXFrameworksBuildPhase;
			buildActionMask = 2147483647;
			files = (
			);
			runOnlyForDeploymentPostprocessing = 0;
		};
/* End PBXFrameworksBuildPhase section */

/* Begin PBXGroup section */
		BB599CED2BD622C200E850C0 = {
			isa = PBXGroup;
			children = (
				BB599CF82BD622C200E850C0 /* assignment3 */,
				BB599CF72BD622C200E850C0 /* Products */,
			);
			sourceTree = "<group>";
		};
		BB599CF72BD622C200E850C0 /* Products */ = {
			isa = PBXGroup;
			children = (
				BB599CF62BD622C200E850C0 /* assignment3.app */,
			);
			name = Products;
			sourceTree = "<group>";
		};
		BB599CF82BD622C200E850C0 /* assignment3 */ = {
			isa = PBXGroup;
			children = (
				BB599CF92BD622C200E850C0 /* assignment3App.swift */,
				BB871F232BDF54A90042FCDB /* View */,
				BB871F242BDF54B70042FCDB /* ViewModel */,
				BB871F252BDF54BF0042FCDB /* Model */,
				BB599CFD2BD622C600E850C0 /* Assets.xcassets */,
				BB599CFF2BD622C600E850C0 /* Preview Content */,
			);
			path = assignment3;
			sourceTree = "<group>";
		};
		BB599CFF2BD622C600E850C0 /* Preview Content */ = {
			isa = PBXGroup;
			children = (
				BB599D002BD622C600E850C0 /* Preview Assets.xcassets */,
			);
			path = "Preview Content";
			sourceTree = "<group>";
		};
		BB871F232BDF54A90042FCDB /* View */ = {
			isa = PBXGroup;
			children = (
				BB599CFB2BD622C200E850C0 /* ContentView.swift */,
				BB871F262BDF551C0042FCDB /* MealLogView.swift */,
				BB871F282BDF554B0042FCDB /* MedicationLogView.swift */,
			);
			path = View;
			sourceTree = "<group>";
		};
		BB871F242BDF54B70042FCDB /* ViewModel */ = {
			isa = PBXGroup;
			children = (
				BB871F2A2BDF557E0042FCDB /* UserViewModel.swift */,
				BB871F2C2BDF55A40042FCDB /* MealViewModel.swift */,
				BB871F2E2BDF55B00042FCDB /* MedicationViewModel.swift */,
			);
			path = ViewModel;
			sourceTree = "<group>";
		};
		BB871F252BDF54BF0042FCDB /* Model */ = {
			isa = PBXGroup;
			children = (
				BB871F302BDF55DB0042FCDB /* UserModel.swift */,
				BB871F322BDF55E60042FCDB /* MealModel.swift */,
				BB871F342BDF55F40042FCDB /* MedicationModel.swift */,
			);
			path = Model;
			sourceTree = "<group>";
		};
/* End PBXGroup section */

/* Begin PBXNativeTarget section */
		BB599CF52BD622C200E850C0 /* assignment3 */ = {
			isa = PBXNativeTarget;
			buildConfigurationList = BB599D042BD622C600E850C0 /* Build configuration list for PBXNativeTarget "assignment3" */;
			buildPhases = (
				BB599CF22BD622C200E850C0 /* Sources */,
				BB599CF32BD622C200E850C0 /* Frameworks */,
				BB599CF42BD622C200E850C0 /* Resources */,
			);
			buildRules = (
			);
			dependencies = (
			);
			name = assignment3;
			productName = assignment3;
			productReference = BB599CF62BD622C200E850C0 /* assignment3.app */;
			productType = "com.apple.product-type.application";
		};
/* End PBXNativeTarget section */

/* Begin PBXProject section */
		BB599CEE2BD622C200E850C0 /* Project object */ = {
			isa = PBXProject;
			attributes = {
				BuildIndependentTargetsInParallel = 1;
				LastSwiftUpdateCheck = 1520;
				LastUpgradeCheck = 1520;
				TargetAttributes = {
					BB599CF52BD622C200E850C0 = {
						CreatedOnToolsVersion = 15.2;
					};
				};
			};
			buildConfigurationList = BB599CF12BD622C200E850C0 /* Build configuration list for PBXProject "assignment3" */;
			compatibilityVersion = "Xcode 14.0";
			developmentRegion = en;
			hasScannedForEncodings = 0;
			knownRegions = (
				en,
				Base,
			);
			mainGroup = BB599CED2BD622C200E850C0;
			productRefGroup = BB599CF72BD622C200E850C0 /* Products */;
			projectDirPath = "";
			projectRoot = "";
			targets = (
				BB599CF52BD622C200E850C0 /* assignment3 */,
			);
		};
/* End PBXProject section */

/* Begin PBXResourcesBuildPhase section */
		BB599CF42BD622C200E850C0 /* Resources */ = {
			isa = PBXResourcesBuildPhase;
			buildActionMask = 2147483647;
			files = (
				BB599D012BD622C600E850C0 /* Preview Assets.xcassets in Resources */,
				BB599CFE2BD622C600E850C0 /* Assets.xcassets in Resources */,
			);
			runOnlyForDeploymentPostprocessing = 0;
		};
/* End PBXResourcesBuildPhase section */

/* Begin PBXSourcesBuildPhase section */
		BB599CF22BD622C200E850C0 /* Sources */ = {
			isa = PBXSourcesBuildPhase;
			buildActionMask = 2147483647;
			files = (
				BB871F292BDF554C0042FCDB /* MedicationLogView.swift in Sources */,
				BB599CFC2BD622C200E850C0 /* ContentView.swift in Sources */,
				BB871F312BDF55DB0042FCDB /* UserModel.swift in Sources */,
				BB599CFA2BD622C200E850C0 /* assignment3App.swift in Sources */,
				BB871F352BDF55F40042FCDB /* MedicationModel.swift in Sources */,
				BB871F2F2BDF55B00042FCDB /* MedicationViewModel.swift in Sources */,
				BB871F2B2BDF557E0042FCDB /* UserViewModel.swift in Sources */,
				BB871F272BDF551C0042FCDB /* MealLogView.swift in Sources */,
				BB871F332BDF55E60042FCDB /* MealModel.swift in Sources */,
				BB871F2D2BDF55A40042FCDB /* MealViewModel.swift in Sources */,
			);
			runOnlyForDeploymentPostprocessing = 0;
		};
/* End PBXSourcesBuildPhase section */

/* Begin XCBuildConfiguration section */
		BB599D022BD622C600E850C0 /* Debug */ = {
			isa = XCBuildConfiguration;
			buildSettings = {
				ALWAYS_SEARCH_USER_PATHS = NO;
				ASSETCATALOG_COMPILER_GENERATE_SWIFT_ASSET_SYMBOL_EXTENSIONS = YES;
				CLANG_ANALYZER_NONNULL = YES;
				CLANG_ANALYZER_NUMBER_OBJECT_CONVERSION = YES_AGGRESSIVE;
				CLANG_CXX_LANGUAGE_STANDARD = "gnu++20";
				CLANG_ENABLE_MODULES = YES;
				CLANG_ENABLE_OBJC_ARC = YES;
				CLANG_ENABLE_OBJC_WEAK = YES;
				CLANG_WARN_BLOCK_CAPTURE_AUTORELEASING = YES;
				CLANG_WARN_BOOL_CONVERSION = YES;
				CLANG_WARN_COMMA = YES;
				CLANG_WARN_CONSTANT_CONVERSION = YES;
				CLANG_WARN_DEPRECATED_OBJC_IMPLEMENTATIONS = YES;
				CLANG_WARN_DIRECT_OBJC_ISA_USAGE = YES_ERROR;
				CLANG_WARN_DOCUMENTATION_COMMENTS = YES;
				CLANG_WARN_EMPTY_BODY = YES;
				CLANG_WARN_ENUM_CONVERSION = YES;
				CLANG_WARN_INFINITE_RECURSION = YES;
				CLANG_WARN_INT_CONVERSION = YES;
				CLANG_WARN_NON_LITERAL_NULL_CONVERSION = YES;
				CLANG_WARN_OBJC_IMPLICIT_RETAIN_SELF = YES;
				CLANG_WARN_OBJC_LITERAL_CONVERSION = YES;
				CLANG_WARN_OBJC_ROOT_CLASS = YES_ERROR;
				CLANG_WARN_QUOTED_INCLUDE_IN_FRAMEWORK_HEADER = YES;
				CLANG_WARN_RANGE_LOOP_ANALYSIS = YES;
				CLANG_WARN_STRICT_PROTOTYPES = YES;
				CLANG_WARN_SUSPICIOUS_MOVE = YES;
				CLANG_WARN_UNGUARDED_AVAILABILITY = YES_AGGRESSIVE;
				CLANG_WARN_UNREACHABLE_CODE = YES;
				CLANG_WARN__DUPLICATE_METHOD_MATCH = YES;
				COPY_PHASE_STRIP = NO;
				DEBUG_INFORMATION_FORMAT = dwarf;
				ENABLE_STRICT_OBJC_MSGSEND = YES;
				ENABLE_TESTABILITY = YES;
				ENABLE_USER_SCRIPT_SANDBOXING = YES;
				GCC_C_LANGUAGE_STANDARD = gnu17;
				GCC_DYNAMIC_NO_PIC = NO;
				GCC_NO_COMMON_BLOCKS = YES;
				GCC_OPTIMIZATION_LEVEL = 0;
				GCC_PREPROCESSOR_DEFINITIONS = (
					"DEBUG=1",
					"$(inherited)",
				);
				GCC_WARN_64_TO_32_BIT_CONVERSION = YES;
				GCC_WARN_ABOUT_RETURN_TYPE = YES_ERROR;
				GCC_WARN_UNDECLARED_SELECTOR = YES;
				GCC_WARN_UNINITIALIZED_AUTOS = YES_AGGRESSIVE;
				GCC_WARN_UNUSED_FUNCTION = YES;
				GCC_WARN_UNUSED_VARIABLE = YES;
				IPHONEOS_DEPLOYMENT_TARGET = 17.2;
				LOCALIZATION_PREFERS_STRING_CATALOGS = YES;
				MTL_ENABLE_DEBUG_INFO = INCLUDE_SOURCE;
				MTL_FAST_MATH = YES;
				ONLY_ACTIVE_ARCH = YES;
				SDKROOT = iphoneos;
				SWIFT_ACTIVE_COMPILATION_CONDITIONS = "DEBUG $(inherited)";
				SWIFT_OPTIMIZATION_LEVEL = "-Onone";
			};
			name = Debug;
		};
		BB599D032BD622C600E850C0 /* Release */ = {
			isa = XCBuildConfiguration;
			buildSettings = {
				ALWAYS_SEARCH_USER_PATHS = NO;
				ASSETCATALOG_COMPILER_GENERATE_SWIFT_ASSET_SYMBOL_EXTENSIONS = YES;
				CLANG_ANALYZER_NONNULL = YES;
				CLANG_ANALYZER_NUMBER_OBJECT_CONVERSION = YES_AGGRESSIVE;
				CLANG_CXX_LANGUAGE_STANDARD = "gnu++20";
				CLANG_ENABLE_MODULES = YES;
				CLANG_ENABLE_OBJC_ARC = YES;
				CLANG_ENABLE_OBJC_WEAK = YES;
				CLANG_WARN_BLOCK_CAPTURE_AUTORELEASING = YES;
				CLANG_WARN_BOOL_CONVERSION = YES;
				CLANG_WARN_COMMA = YES;
				CLANG_WARN_CONSTANT_CONVERSION = YES;
				CLANG_WARN_DEPRECATED_OBJC_IMPLEMENTATIONS = YES;
				CLANG_WARN_DIRECT_OBJC_ISA_USAGE = YES_ERROR;
				CLANG_WARN_DOCUMENTATION_COMMENTS = YES;
				CLANG_WARN_EMPTY_BODY = YES;
				CLANG_WARN_ENUM_CONVERSION = YES;
				CLANG_WARN_INFINITE_RECURSION = YES;
				CLANG_WARN_INT_CONVERSION = YES;
				CLANG_WARN_NON_LITERAL_NULL_CONVERSION = YES;
				CLANG_WARN_OBJC_IMPLICIT_RETAIN_SELF = YES;
				CLANG_WARN_OBJC_LITERAL_CONVERSION = YES;
				CLANG_WARN_OBJC_ROOT_CLASS = YES_ERROR;
				CLANG_WARN_QUOTED_INCLUDE_IN_FRAMEWORK_HEADER = YES;
				CLANG_WARN_RANGE_LOOP_ANALYSIS = YES;
				CLANG_WARN_STRICT_PROTOTYPES = YES;
				CLANG_WARN_SUSPICIOUS_MOVE = YES;
				CLANG_WARN_UNGUARDED_AVAILABILITY = YES_AGGRESSIVE;
				CLANG_WARN_UNREACHABLE_CODE = YES;
				CLANG_WARN__DUPLICATE_METHOD_MATCH = YES;
				COPY_PHASE_STRIP = NO;
				DEBUG_INFORMATION_FORMAT = "dwarf-with-dsym";
				ENABLE_NS_ASSERTIONS = NO;
				ENABLE_STRICT_OBJC_MSGSEND = YES;
				ENABLE_USER_SCRIPT_SANDBOXING = YES;
				GCC_C_LANGUAGE_STANDARD = gnu17;
				GCC_NO_COMMON_BLOCKS = YES;
				GCC_WARN_64_TO_32_BIT_CONVERSION = YES;
				GCC_WARN_ABOUT_RETURN_TYPE = YES_ERROR;
				GCC_WARN_UNDECLARED_SELECTOR = YES;
				GCC_WARN_UNINITIALIZED_AUTOS = YES_AGGRESSIVE;
				GCC_WARN_UNUSED_FUNCTION = YES;
				GCC_WARN_UNUSED_VARIABLE = YES;
				IPHONEOS_DEPLOYMENT_TARGET = 17.2;
				LOCALIZATION_PREFERS_STRING_CATALOGS = YES;
				MTL_ENABLE_DEBUG_INFO = NO;
				MTL_FAST_MATH = YES;
				SDKROOT = iphoneos;
				SWIFT_COMPILATION_MODE = wholemodule;
				VALIDATE_PRODUCT = YES;
			};
			name = Release;
		};
		BB599D052BD622C600E850C0 /* Debug */ = {
			isa = XCBuildConfiguration;
			buildSettings = {
				ASSETCATALOG_COMPILER_APPICON_NAME = AppIcon;
				ASSETCATALOG_COMPILER_GLOBAL_ACCENT_COLOR_NAME = AccentColor;
				CODE_SIGN_STYLE = Automatic;
				CURRENT_PROJECT_VERSION = 1;
				DEVELOPMENT_ASSET_PATHS = "\"assignment3/Preview Content\"";
				ENABLE_PREVIEWS = YES;
				GENERATE_INFOPLIST_FILE = YES;
				INFOPLIST_KEY_UIApplicationSceneManifest_Generation = YES;
				INFOPLIST_KEY_UIApplicationSupportsIndirectInputEvents = YES;
				INFOPLIST_KEY_UILaunchScreen_Generation = YES;
				INFOPLIST_KEY_UISupportedInterfaceOrientations_iPad = "UIInterfaceOrientationPortrait UIInterfaceOrientationPortraitUpsideDown UIInterfaceOrientationLandscapeLeft UIInterfaceOrientationLandscapeRight";
				INFOPLIST_KEY_UISupportedInterfaceOrientations_iPhone = "UIInterfaceOrientationPortrait UIInterfaceOrientationLandscapeLeft UIInterfaceOrientationLandscapeRight";
				LD_RUNPATH_SEARCH_PATHS = (
					"$(inherited)",
					"@executable_path/Frameworks",
				);
				MARKETING_VERSION = 1.0;
				PRODUCT_BUNDLE_IDENTIFIER = au.edu.uts.assignment3;
				PRODUCT_NAME = "$(TARGET_NAME)";
				SWIFT_EMIT_LOC_STRINGS = YES;
				SWIFT_VERSION = 5.0;
				TARGETED_DEVICE_FAMILY = "1,2";
			};
			name = Debug;
		};
		BB599D062BD622C600E850C0 /* Release */ = {
			isa = XCBuildConfiguration;
			buildSettings = {
				ASSETCATALOG_COMPILER_APPICON_NAME = AppIcon;
				ASSETCATALOG_COMPILER_GLOBAL_ACCENT_COLOR_NAME = AccentColor;
				CODE_SIGN_STYLE = Automatic;
				CURRENT_PROJECT_VERSION = 1;
				DEVELOPMENT_ASSET_PATHS = "\"assignment3/Preview Content\"";
				ENABLE_PREVIEWS = YES;
				GENERATE_INFOPLIST_FILE = YES;
				INFOPLIST_KEY_UIApplicationSceneManifest_Generation = YES;
				INFOPLIST_KEY_UIApplicationSupportsIndirectInputEvents = YES;
				INFOPLIST_KEY_UILaunchScreen_Generation = YES;
				INFOPLIST_KEY_UISupportedInterfaceOrientations_iPad = "UIInterfaceOrientationPortrait UIInterfaceOrientationPortraitUpsideDown UIInterfaceOrientationLandscapeLeft UIInterfaceOrientationLandscapeRight";
				INFOPLIST_KEY_UISupportedInterfaceOrientations_iPhone = "UIInterfaceOrientationPortrait UIInterfaceOrientationLandscapeLeft UIInterfaceOrientationLandscapeRight";
				LD_RUNPATH_SEARCH_PATHS = (
					"$(inherited)",
					"@executable_path/Frameworks",
				);
				MARKETING_VERSION = 1.0;
				PRODUCT_BUNDLE_IDENTIFIER = au.edu.uts.assignment3;
				PRODUCT_NAME = "$(TARGET_NAME)";
				SWIFT_EMIT_LOC_STRINGS = YES;
				SWIFT_VERSION = 5.0;
				TARGETED_DEVICE_FAMILY = "1,2";
			};
			name = Release;
		};
/* End XCBuildConfiguration section */

/* Begin XCConfigurationList section */
		BB599CF12BD622C200E850C0 /* Build configuration list for PBXProject "assignment3" */ = {
			isa = XCConfigurationList;
			buildConfigurations = (
				BB599D022BD622C600E850C0 /* Debug */,
				BB599D032BD622C600E850C0 /* Release */,
			);
			defaultConfigurationIsVisible = 0;
			defaultConfigurationName = Release;
		};
		BB599D042BD622C600E850C0 /* Build configuration list for PBXNativeTarget "assignment3" */ = {
			isa = XCConfigurationList;
			buildConfigurations = (
				BB599D052BD622C600E850C0 /* Debug */,
				BB599D062BD622C600E850C0 /* Release */,
			);
			defaultConfigurationIsVisible = 0;
			defaultConfigurationName = Release;
		};
/* End XCConfigurationList section */
	};
	rootObject = BB599CEE2BD622C200E850C0 /* Project object */;
}
